
Microsoft Visual Studio Solution File, Format Version 12.00
# Visual Studio Version 17
VisualStudioVersion = 17.0.31717.71
MinimumVisualStudioVersion = 15.0.26124.0
Project("{FAE04EC0-301F-11D3-BF4B-00C04F79EFBC}") = "BlazorApp1.Server", "BlazorApp1\Server\BlazorApp1.Server.csproj", "{459C5AA3-034A-4F0D-B2D0-6DEDC0978B3A}"
EndProject
Project("{FAE04EC0-301F-11D3-BF4B-00C04F79EFBC}") = "BlazorApp1.Client", "BlazorApp1\Client\BlazorApp1.Client.csproj", "{5D6E14FE-CE45-479E-8EC9-E1CFE2D76CC0}"
EndProject
Project("{FAE04EC0-301F-11D3-BF4B-00C04F79EFBC}") = "BlazorApp1.Shared", "BlazorApp1\Shared\BlazorApp1.Shared.csproj", "{53B5BB97-AF40-4905-A297-96F4C7805400}"
EndProject
Global
	GlobalSection(SolutionConfigurationPlatforms) = preSolution
		Debug|Any CPU = Debug|Any CPU
		Release|Any CPU = Release|Any CPU
	EndGlobalSection
	GlobalSection(ProjectConfigurationPlatforms) = postSolution
		{459C5AA3-034A-4F0D-B2D0-6DEDC0978B3A}.Debug|Any CPU.ActiveCfg = Debug|Any CPU
		{459C5AA3-034A-4F0D-B2D0-6DEDC0978B3A}.Debug|Any CPU.Build.0 = Debug|Any CPU
		{459C5AA3-034A-4F0D-B2D0-6DEDC0978B3A}.Release|Any CPU.ActiveCfg = Release|Any CPU
		{459C5AA3-034A-4F0D-B2D0-6DEDC0978B3A}.Release|Any CPU.Build.0 = Release|Any CPU
		{5D6E14FE-CE45-479E-8EC9-E1CFE2D76CC0}.Debug|Any CPU.ActiveCfg = Debug|Any CPU
		{5D6E14FE-CE45-479E-8EC9-E1CFE2D76CC0}.Debug|Any CPU.Build.0 = Debug|Any CPU
		{5D6E14FE-CE45-479E-8EC9-E1CFE2D76CC0}.Release|Any CPU.ActiveCfg = Release|Any CPU
		{5D6E14FE-CE45-479E-8EC9-E1CFE2D76CC0}.Release|Any CPU.Build.0 = Release|Any CPU
		{53B5BB97-AF40-4905-A297-96F4C7805400}.Debug|Any CPU.ActiveCfg = Debug|Any CPU
		{53B5BB97-AF40-4905-A297-96F4C7805400}.Debug|Any CPU.Build.0 = Debug|Any CPU
		{53B5BB97-AF40-4905-A297-96F4C7805400}.Release|Any CPU.ActiveCfg = Release|Any CPU
		{53B5BB97-AF40-4905-A297-96F4C7805400}.Release|Any CPU.Build.0 = Release|Any CPU
	EndGlobalSection
	GlobalSection(SolutionProperties) = preSolution
		HideSolutionNode = FALSE
	EndGlobalSection
	GlobalSection(ExtensibilityGlobals) = postSolution
		SolutionGuid = {EE4BB6C3-AFC1-44AF-A44E-1CF59CD3004B}
	EndGlobalSection
EndGlobal
